{
  "nodes": {
    "darwin": {
      "inputs": {
        "nixpkgs": [
          "nixpkgs"
        ]
      },
      "locked": {
        "lastModified": 1705452289,
        "narHash": "sha256-i/WodLabBcmRr9hdSv5jzDigL1hRYuI8vNh+xTbGt+g=",
        "owner": "lnl7",
        "repo": "nix-darwin",
        "rev": "74ab0227ee495e526f2dd57ea684b34f6396445a",
        "type": "github"
      },
      "original": {
        "owner": "lnl7",
        "repo": "nix-darwin",
        "type": "github"
      }
    },
    "home-manager": {
      "inputs": {
        "nixpkgs": [
          "nixpkgs"
        ]
      },
      "locked": {
        "lastModified": 1705476964,
        "narHash": "sha256-W5OK1fnj4qdn1HWOlxV2S3YiUvfaVjQM5ldWVpGV1fs=",
        "owner": "nix-community",
        "repo": "home-manager",
        "rev": "85c3b600f660abd86e94cbcd1c46733943197a07",
        "type": "github"
      },
      "original": {
        "owner": "nix-community",
        "ref": "release-23.11",
        "repo": "home-manager",
        "type": "github"
      }
    },
    "nixpkgs": {
      "locked": {
        "lastModified": 1705331948,
        "narHash": "sha256-qjQXfvrAT1/RKDFAMdl8Hw3m4tLVvMCc8fMqzJv0pP4=",
        "rev": "b8dd8be3c790215716e7c12b247f45ca525867e2",
        "revCount": 554324,
        "type": "tarball",
        "url": "https://api.flakehub.com/f/pinned/NixOS/nixpkgs/0.2311.554324%2Brev-b8dd8be3c790215716e7c12b247f45ca525867e2/018d10f3-8102-74f7-b500-dcade3ebe8ca/source.tar.gz"
      },
      "original": {
        "type": "tarball",
        "url": "https://flakehub.com/f/NixOS/nixpkgs/%2A.tar.gz"
      }
    },
    "nixpkgs-unstable": {
      "locked": {
        "lastModified": 1705496572,
        "narHash": "sha256-rPIe9G5EBLXdBdn9ilGc0nq082lzQd0xGGe092R/5QE=",
        "rev": "842d9d80cfd4560648c785f8a4e6f3b096790e19",
        "revCount": 572380,
        "type": "tarball",
        "url": "https://api.flakehub.com/f/pinned/NixOS/nixpkgs/0.1.572380%2Brev-842d9d80cfd4560648c785f8a4e6f3b096790e19/018d1ccc-5ecb-7493-8d22-0252128f007d/source.tar.gz"
      },
      "original": {
        "type": "tarball",
        "url": "https://flakehub.com/f/NixOS/nixpkgs/0.1.0.tar.gz"
      }
    },
    "root": {
      "inputs": {
        "darwin": "darwin",
        "home-manager": "home-manager",
        "nixpkgs": "nixpkgs",
        "nixpkgs-unstable": "nixpkgs-unstable"
      }
    }
  },
  "root": "root",
  "version": 7
}
